// !$*UTF8*$!
{
	archiveVersion = 1;
	classes = {
	};
	objectVersion = 55;
	objects = {

/* Begin PBXBuildFile section */
		1B7F00FA2AE663AE00616DCF /* FirebaseAnalytics in Frameworks */ = {isa = PBXBuildFile; productRef = 1B7F00F92AE663AE00616DCF /* FirebaseAnalytics */; };
		1B7F00FC2AE663AE00616DCF /* FirebaseAnalyticsSwift-Beta in Frameworks */ = {isa = PBXBuildFile; productRef = 1B7F00FB2AE663AE00616DCF /* FirebaseAnalyticsSwift-Beta */; };
		1B7F00FE2AE663B200616DCF /* FirebaseAuth in Frameworks */ = {isa = PBXBuildFile; productRef = 1B7F00FD2AE663B200616DCF /* FirebaseAuth */; };
		1B7F01002AE663B600616DCF /* FirebaseFirestore in Frameworks */ = {isa = PBXBuildFile; productRef = 1B7F00FF2AE663B600616DCF /* FirebaseFirestore */; };
		1B7F01022AE748FD00616DCF /* FoodSearch.swift in Sources */ = {isa = PBXBuildFile; fileRef = 1B7F01012AE748FD00616DCF /* FoodSearch.swift */; };
		1B7F01042AE7B6A000616DCF /* ResponseFormat.swift in Sources */ = {isa = PBXBuildFile; fileRef = 1B7F01032AE7B6A000616DCF /* ResponseFormat.swift */; };
		1B8816062AE1E7C300654749 /* Calorie_TrackerApp.swift in Sources */ = {isa = PBXBuildFile; fileRef = 1B8816052AE1E7C300654749 /* Calorie_TrackerApp.swift */; };
		1B88160A2AE1E7C500654749 /* Assets.xcassets in Resources */ = {isa = PBXBuildFile; fileRef = 1B8816092AE1E7C500654749 /* Assets.xcassets */; };
		1B88160D2AE1E7C500654749 /* Preview Assets.xcassets in Resources */ = {isa = PBXBuildFile; fileRef = 1B88160C2AE1E7C500654749 /* Preview Assets.xcassets */; };
		1B8816192AE49D9300654749 /* HomePageView.swift in Sources */ = {isa = PBXBuildFile; fileRef = 1B8816182AE49D9300654749 /* HomePageView.swift */; };
		1B88161D2AE5068400654749 /* GoogleService-Info.plist in Resources */ = {isa = PBXBuildFile; fileRef = 1B88161C2AE5068400654749 /* GoogleService-Info.plist */; };
		1B8816282AE50B8600654749 /* AuthenticatedView.swift in Sources */ = {isa = PBXBuildFile; fileRef = 1B8816272AE50B8600654749 /* AuthenticatedView.swift */; };
		1B88162A2AE50B9D00654749 /* AuthenticationView.swift in Sources */ = {isa = PBXBuildFile; fileRef = 1B8816292AE50B9D00654749 /* AuthenticationView.swift */; };
		1B88162C2AE50BA800654749 /* AuthenticationViewModel.swift in Sources */ = {isa = PBXBuildFile; fileRef = 1B88162B2AE50BA800654749 /* AuthenticationViewModel.swift */; };
		1B88162E2AE50BB700654749 /* LoginView.swift in Sources */ = {isa = PBXBuildFile; fileRef = 1B88162D2AE50BB700654749 /* LoginView.swift */; };
		1B8816302AE50BC000654749 /* SignupView.swift in Sources */ = {isa = PBXBuildFile; fileRef = 1B88162F2AE50BC000654749 /* SignupView.swift */; };
		1B8816322AE50BCE00654749 /* UserProfileView.swift in Sources */ = {isa = PBXBuildFile; fileRef = 1B8816312AE50BCE00654749 /* UserProfileView.swift */; };
		1BB5C77C2AE6502100EA9BB1 /* FoodItem.swift in Sources */ = {isa = PBXBuildFile; fileRef = 1BB5C77B2AE6502100EA9BB1 /* FoodItem.swift */; };
/* End PBXBuildFile section */

/* Begin PBXFileReference section */
		1B7F01012AE748FD00616DCF /* FoodSearch.swift */ = {isa = PBXFileReference; lastKnownFileType = sourcecode.swift; path = FoodSearch.swift; sourceTree = "<group>"; };
		1B7F01032AE7B6A000616DCF /* ResponseFormat.swift */ = {isa = PBXFileReference; lastKnownFileType = sourcecode.swift; path = ResponseFormat.swift; sourceTree = "<group>"; };
		1B8816022AE1E7C300654749 /* Calorie-Tracker.app */ = {isa = PBXFileReference; explicitFileType = wrapper.application; includeInIndex = 0; path = "Calorie-Tracker.app"; sourceTree = BUILT_PRODUCTS_DIR; };
		1B8816052AE1E7C300654749 /* Calorie_TrackerApp.swift */ = {isa = PBXFileReference; lastKnownFileType = sourcecode.swift; path = Calorie_TrackerApp.swift; sourceTree = "<group>"; };
		1B8816092AE1E7C500654749 /* Assets.xcassets */ = {isa = PBXFileReference; lastKnownFileType = folder.assetcatalog; path = Assets.xcassets; sourceTree = "<group>"; };
		1B88160C2AE1E7C500654749 /* Preview Assets.xcassets */ = {isa = PBXFileReference; lastKnownFileType = folder.assetcatalog; path = "Preview Assets.xcassets"; sourceTree = "<group>"; };
		1B8816182AE49D9300654749 /* HomePageView.swift */ = {isa = PBXFileReference; lastKnownFileType = sourcecode.swift; path = HomePageView.swift; sourceTree = "<group>"; };
		1B88161C2AE5068400654749 /* GoogleService-Info.plist */ = {isa = PBXFileReference; fileEncoding = 4; lastKnownFileType = text.plist.xml; name = "GoogleService-Info.plist"; path = "../../../Downloads/GoogleService-Info.plist"; sourceTree = "<group>"; };
		1B8816272AE50B8600654749 /* AuthenticatedView.swift */ = {isa = PBXFileReference; lastKnownFileType = sourcecode.swift; path = AuthenticatedView.swift; sourceTree = "<group>"; };
		1B8816292AE50B9D00654749 /* AuthenticationView.swift */ = {isa = PBXFileReference; lastKnownFileType = sourcecode.swift; path = AuthenticationView.swift; sourceTree = "<group>"; };
		1B88162B2AE50BA800654749 /* AuthenticationViewModel.swift */ = {isa = PBXFileReference; lastKnownFileType = sourcecode.swift; path = AuthenticationViewModel.swift; sourceTree = "<group>"; };
		1B88162D2AE50BB700654749 /* LoginView.swift */ = {isa = PBXFileReference; lastKnownFileType = sourcecode.swift; path = LoginView.swift; sourceTree = "<group>"; };
		1B88162F2AE50BC000654749 /* SignupView.swift */ = {isa = PBXFileReference; lastKnownFileType = sourcecode.swift; path = SignupView.swift; sourceTree = "<group>"; };
		1B8816312AE50BCE00654749 /* UserProfileView.swift */ = {isa = PBXFileReference; lastKnownFileType = sourcecode.swift; path = UserProfileView.swift; sourceTree = "<group>"; };
		1BB5C77B2AE6502100EA9BB1 /* FoodItem.swift */ = {isa = PBXFileReference; lastKnownFileType = sourcecode.swift; path = FoodItem.swift; sourceTree = "<group>"; };
/* End PBXFileReference section */

/* Begin PBXFrameworksBuildPhase section */
		1B8815FF2AE1E7C300654749 /* Frameworks */ = {
			isa = PBXFrameworksBuildPhase;
			buildActionMask = 2147483647;
			files = (
				1B7F00FC2AE663AE00616DCF /* FirebaseAnalyticsSwift-Beta in Frameworks */,
				1B7F01002AE663B600616DCF /* FirebaseFirestore in Frameworks */,
				1B7F00FE2AE663B200616DCF /* FirebaseAuth in Frameworks */,
				1B7F00FA2AE663AE00616DCF /* FirebaseAnalytics in Frameworks */,
			);
			runOnlyForDeploymentPostprocessing = 0;
		};
/* End PBXFrameworksBuildPhase section */

/* Begin PBXGroup section */
		1B8815F92AE1E7C300654749 = {
			isa = PBXGroup;
			children = (
				1B8816042AE1E7C300654749 /* Calorie-Tracker */,
				1B8816032AE1E7C300654749 /* Products */,
				1B8816232AE508B000654749 /* Frameworks */,
			);
			sourceTree = "<group>";
		};
		1B8816032AE1E7C300654749 /* Products */ = {
			isa = PBXGroup;
			children = (
				1B8816022AE1E7C300654749 /* Calorie-Tracker.app */,
			);
			name = Products;
			sourceTree = "<group>";
		};
		1B8816042AE1E7C300654749 /* Calorie-Tracker */ = {
			isa = PBXGroup;
			children = (
				1B8816262AE50B4D00654749 /* Auth */,
				1BB5C7782AE60CAC00EA9BB1 /* Food */,
				1B8816052AE1E7C300654749 /* Calorie_TrackerApp.swift */,
				1B8816092AE1E7C500654749 /* Assets.xcassets */,
				1B88161C2AE5068400654749 /* GoogleService-Info.plist */,
				1B88160B2AE1E7C500654749 /* Preview Content */,
			);
			path = "Calorie-Tracker";
			sourceTree = "<group>";
		};
		1B88160B2AE1E7C500654749 /* Preview Content */ = {
			isa = PBXGroup;
			children = (
				1B88160C2AE1E7C500654749 /* Preview Assets.xcassets */,
			);
			path = "Preview Content";
			sourceTree = "<group>";
		};
		1B8816232AE508B000654749 /* Frameworks */ = {
			isa = PBXGroup;
			children = (
			);
			name = Frameworks;
			sourceTree = "<group>";
		};
		1B8816262AE50B4D00654749 /* Auth */ = {
			isa = PBXGroup;
			children = (
				1B8816272AE50B8600654749 /* AuthenticatedView.swift */,
				1B8816292AE50B9D00654749 /* AuthenticationView.swift */,
				1B88162B2AE50BA800654749 /* AuthenticationViewModel.swift */,
				1B88162D2AE50BB700654749 /* LoginView.swift */,
				1B88162F2AE50BC000654749 /* SignupView.swift */,
				1B8816312AE50BCE00654749 /* UserProfileView.swift */,
			);
			path = Auth;
			sourceTree = "<group>";
		};
		1BB5C7782AE60CAC00EA9BB1 /* Food */ = {
			isa = PBXGroup;
			children = (
				1B8816182AE49D9300654749 /* HomePageView.swift */,
				1B7F01012AE748FD00616DCF /* FoodSearch.swift */,
				1BB5C77B2AE6502100EA9BB1 /* FoodItem.swift */,
				1B7F01032AE7B6A000616DCF /* ResponseFormat.swift */,
			);
			path = Food;
			sourceTree = "<group>";
		};
/* End PBXGroup section */

/* Begin PBXNativeTarget section */
		1B8816012AE1E7C300654749 /* Calorie-Tracker */ = {
			isa = PBXNativeTarget;
			buildConfigurationList = 1B8816102AE1E7C500654749 /* Build configuration list for PBXNativeTarget "Calorie-Tracker" */;
			buildPhases = (
				1B8815FE2AE1E7C300654749 /* Sources */,
				1B8815FF2AE1E7C300654749 /* Frameworks */,
				1B8816002AE1E7C300654749 /* Resources */,
			);
			buildRules = (
			);
			dependencies = (
			);
			name = "Calorie-Tracker";
			packageProductDependencies = (
				1B7F00F92AE663AE00616DCF /* FirebaseAnalytics */,
				1B7F00FB2AE663AE00616DCF /* FirebaseAnalyticsSwift-Beta */,
				1B7F00FD2AE663B200616DCF /* FirebaseAuth */,
				1B7F00FF2AE663B600616DCF /* FirebaseFirestore */,
			);
			productName = "Calorie-Tracker";
			productReference = 1B8816022AE1E7C300654749 /* Calorie-Tracker.app */;
			productType = "com.apple.product-type.application";
		};
/* End PBXNativeTarget section */

/* Begin PBXProject section */
		1B8815FA2AE1E7C300654749 /* Project object */ = {
			isa = PBXProject;
			attributes = {
				BuildIndependentTargetsInParallel = 1;
				LastSwiftUpdateCheck = 1300;
				LastUpgradeCheck = 1300;
				TargetAttributes = {
					1B8816012AE1E7C300654749 = {
						CreatedOnToolsVersion = 13.0;
					};
				};
			};
			buildConfigurationList = 1B8815FD2AE1E7C300654749 /* Build configuration list for PBXProject "Calorie-Tracker" */;
			compatibilityVersion = "Xcode 13.0";
			developmentRegion = en;
			hasScannedForEncodings = 0;
			knownRegions = (
				en,
				Base,
			);
			mainGroup = 1B8815F92AE1E7C300654749;
			packageReferences = (
				1B88161E2AE507C400654749 /* XCRemoteSwiftPackageReference "firebase-ios-sdk" */,
			);
			productRefGroup = 1B8816032AE1E7C300654749 /* Products */;
			projectDirPath = "";
			projectRoot = "";
			targets = (
				1B8816012AE1E7C300654749 /* Calorie-Tracker */,
			);
		};
/* End PBXProject section */

/* Begin PBXResourcesBuildPhase section */
		1B8816002AE1E7C300654749 /* Resources */ = {
			isa = PBXResourcesBuildPhase;
			buildActionMask = 2147483647;
			files = (
				1B88160D2AE1E7C500654749 /* Preview Assets.xcassets in Resources */,
				1B88160A2AE1E7C500654749 /* Assets.xcassets in Resources */,
				1B88161D2AE5068400654749 /* GoogleService-Info.plist in Resources */,
			);
			runOnlyForDeploymentPostprocessing = 0;
		};
/* End PBXResourcesBuildPhase section */

/* Begin PBXSourcesBuildPhase section */
		1B8815FE2AE1E7C300654749 /* Sources */ = {
			isa = PBXSourcesBuildPhase;
			buildActionMask = 2147483647;
			files = (
				1B88162C2AE50BA800654749 /* AuthenticationViewModel.swift in Sources */,
				1B8816322AE50BCE00654749 /* UserProfileView.swift in Sources */,
				1B88162E2AE50BB700654749 /* LoginView.swift in Sources */,
				1B8816282AE50B8600654749 /* AuthenticatedView.swift in Sources */,
				1BB5C77C2AE6502100EA9BB1 /* FoodItem.swift in Sources */,
				1B7F01042AE7B6A000616DCF /* ResponseFormat.swift in Sources */,
				1B7F01022AE748FD00616DCF /* FoodSearch.swift in Sources */,
				1B8816302AE50BC000654749 /* SignupView.swift in Sources */,
				1B8816192AE49D9300654749 /* HomePageView.swift in Sources */,
				1B8816062AE1E7C300654749 /* Calorie_TrackerApp.swift in Sources */,
				1B88162A2AE50B9D00654749 /* AuthenticationView.swift in Sources */,
			);
			runOnlyForDeploymentPostprocessing = 0;
		};
/* End PBXSourcesBuildPhase section */

/* Begin XCBuildConfiguration section */
		1B88160E2AE1E7C500654749 /* Debug */ = {
			isa = XCBuildConfiguration;
			buildSettings = {
				ALWAYS_SEARCH_USER_PATHS = NO;
				CLANG_ANALYZER_NONNULL = YES;
				CLANG_ANALYZER_NUMBER_OBJECT_CONVERSION = YES_AGGRESSIVE;
				CLANG_CXX_LANGUAGE_STANDARD = "gnu++17";
				CLANG_CXX_LIBRARY = "libc++";
				CLANG_ENABLE_MODULES = YES;
				CLANG_ENABLE_OBJC_ARC = YES;
				CLANG_ENABLE_OBJC_WEAK = YES;
				CLANG_WARN_BLOCK_CAPTURE_AUTORELEASING = YES;
				CLANG_WARN_BOOL_CONVERSION = YES;
				CLANG_WARN_COMMA = YES;
				CLANG_WARN_CONSTANT_CONVERSION = YES;
				CLANG_WARN_DEPRECATED_OBJC_IMPLEMENTATIONS = YES;
				CLANG_WARN_DIRECT_OBJC_ISA_USAGE = YES_ERROR;
				CLANG_WARN_DOCUMENTATION_COMMENTS = YES;
				CLANG_WARN_EMPTY_BODY = YES;
				CLANG_WARN_ENUM_CONVERSION = YES;
				CLANG_WARN_INFINITE_RECURSION = YES;
				CLANG_WARN_INT_CONVERSION = YES;
				CLANG_WARN_NON_LITERAL_NULL_CONVERSION = YES;
				CLANG_WARN_OBJC_IMPLICIT_RETAIN_SELF = YES;
				CLANG_WARN_OBJC_LITERAL_CONVERSION = YES;
				CLANG_WARN_OBJC_ROOT_CLASS = YES_ERROR;
				CLANG_WARN_QUOTED_INCLUDE_IN_FRAMEWORK_HEADER = YES;
				CLANG_WARN_RANGE_LOOP_ANALYSIS = YES;
				CLANG_WARN_STRICT_PROTOTYPES = YES;
				CLANG_WARN_SUSPICIOUS_MOVE = YES;
				CLANG_WARN_UNGUARDED_AVAILABILITY = YES_AGGRESSIVE;
				CLANG_WARN_UNREACHABLE_CODE = YES;
				CLANG_WARN__DUPLICATE_METHOD_MATCH = YES;
				COPY_PHASE_STRIP = NO;
				DEBUG_INFORMATION_FORMAT = dwarf;
				ENABLE_STRICT_OBJC_MSGSEND = YES;
				ENABLE_TESTABILITY = YES;
				GCC_C_LANGUAGE_STANDARD = gnu11;
				GCC_DYNAMIC_NO_PIC = NO;
				GCC_NO_COMMON_BLOCKS = YES;
				GCC_OPTIMIZATION_LEVEL = 0;
				GCC_PREPROCESSOR_DEFINITIONS = (
					"DEBUG=1",
					"$(inherited)",
				);
				GCC_WARN_64_TO_32_BIT_CONVERSION = YES;
				GCC_WARN_ABOUT_RETURN_TYPE = YES_ERROR;
				GCC_WARN_UNDECLARED_SELECTOR = YES;
				GCC_WARN_UNINITIALIZED_AUTOS = YES_AGGRESSIVE;
				GCC_WARN_UNUSED_FUNCTION = YES;
				GCC_WARN_UNUSED_VARIABLE = YES;
				IPHONEOS_DEPLOYMENT_TARGET = 15.0;
				MTL_ENABLE_DEBUG_INFO = INCLUDE_SOURCE;
				MTL_FAST_MATH = YES;
				ONLY_ACTIVE_ARCH = YES;
				SDKROOT = iphoneos;
				SWIFT_ACTIVE_COMPILATION_CONDITIONS = DEBUG;
				SWIFT_OPTIMIZATION_LEVEL = "-Onone";
			};
			name = Debug;
		};
		1B88160F2AE1E7C500654749 /* Release */ = {
			isa = XCBuildConfiguration;
			buildSettings = {
				ALWAYS_SEARCH_USER_PATHS = NO;
				CLANG_ANALYZER_NONNULL = YES;
				CLANG_ANALYZER_NUMBER_OBJECT_CONVERSION = YES_AGGRESSIVE;
				CLANG_CXX_LANGUAGE_STANDARD = "gnu++17";
				CLANG_CXX_LIBRARY = "libc++";
				CLANG_ENABLE_MODULES = YES;
				CLANG_ENABLE_OBJC_ARC = YES;
				CLANG_ENABLE_OBJC_WEAK = YES;
				CLANG_WARN_BLOCK_CAPTURE_AUTORELEASING = YES;
				CLANG_WARN_BOOL_CONVERSION = YES;
				CLANG_WARN_COMMA = YES;
				CLANG_WARN_CONSTANT_CONVERSION = YES;
				CLANG_WARN_DEPRECATED_OBJC_IMPLEMENTATIONS = YES;
				CLANG_WARN_DIRECT_OBJC_ISA_USAGE = YES_ERROR;
				CLANG_WARN_DOCUMENTATION_COMMENTS = YES;
				CLANG_WARN_EMPTY_BODY = YES;
				CLANG_WARN_ENUM_CONVERSION = YES;
				CLANG_WARN_INFINITE_RECURSION = YES;
				CLANG_WARN_INT_CONVERSION = YES;
				CLANG_WARN_NON_LITERAL_NULL_CONVERSION = YES;
				CLANG_WARN_OBJC_IMPLICIT_RETAIN_SELF = YES;
				CLANG_WARN_OBJC_LITERAL_CONVERSION = YES;
				CLANG_WARN_OBJC_ROOT_CLASS = YES_ERROR;
				CLANG_WARN_QUOTED_INCLUDE_IN_FRAMEWORK_HEADER = YES;
				CLANG_WARN_RANGE_LOOP_ANALYSIS = YES;
				CLANG_WARN_STRICT_PROTOTYPES = YES;
				CLANG_WARN_SUSPICIOUS_MOVE = YES;
				CLANG_WARN_UNGUARDED_AVAILABILITY = YES_AGGRESSIVE;
				CLANG_WARN_UNREACHABLE_CODE = YES;
				CLANG_WARN__DUPLICATE_METHOD_MATCH = YES;
				COPY_PHASE_STRIP = NO;
				DEBUG_INFORMATION_FORMAT = "dwarf-with-dsym";
				ENABLE_NS_ASSERTIONS = NO;
				ENABLE_STRICT_OBJC_MSGSEND = YES;
				GCC_C_LANGUAGE_STANDARD = gnu11;
				GCC_NO_COMMON_BLOCKS = YES;
				GCC_WARN_64_TO_32_BIT_CONVERSION = YES;
				GCC_WARN_ABOUT_RETURN_TYPE = YES_ERROR;
				GCC_WARN_UNDECLARED_SELECTOR = YES;
				GCC_WARN_UNINITIALIZED_AUTOS = YES_AGGRESSIVE;
				GCC_WARN_UNUSED_FUNCTION = YES;
				GCC_WARN_UNUSED_VARIABLE = YES;
				IPHONEOS_DEPLOYMENT_TARGET = 15.0;
				MTL_ENABLE_DEBUG_INFO = NO;
				MTL_FAST_MATH = YES;
				SDKROOT = iphoneos;
				SWIFT_COMPILATION_MODE = wholemodule;
				SWIFT_OPTIMIZATION_LEVEL = "-O";
				VALIDATE_PRODUCT = YES;
			};
			name = Release;
		};
		1B8816112AE1E7C500654749 /* Debug */ = {
			isa = XCBuildConfiguration;
			buildSettings = {
				ASSETCATALOG_COMPILER_APPICON_NAME = AppIcon;
				ASSETCATALOG_COMPILER_GLOBAL_ACCENT_COLOR_NAME = AccentColor;
				CODE_SIGN_STYLE = Automatic;
				CURRENT_PROJECT_VERSION = 1;
				DEVELOPMENT_ASSET_PATHS = "\"Calorie-Tracker/Preview Content\"";
				DEVELOPMENT_TEAM = 7ZLZHMAYKX;
				ENABLE_PREVIEWS = YES;
				GENERATE_INFOPLIST_FILE = YES;
				INFOPLIST_KEY_UIApplicationSceneManifest_Generation = YES;
				INFOPLIST_KEY_UIApplicationSupportsIndirectInputEvents = YES;
				INFOPLIST_KEY_UILaunchScreen_Generation = YES;
				INFOPLIST_KEY_UISupportedInterfaceOrientations_iPad = "UIInterfaceOrientationPortrait UIInterfaceOrientationPortraitUpsideDown UIInterfaceOrientationLandscapeLeft UIInterfaceOrientationLandscapeRight";
				INFOPLIST_KEY_UISupportedInterfaceOrientations_iPhone = "UIInterfaceOrientationPortrait UIInterfaceOrientationLandscapeLeft UIInterfaceOrientationLandscapeRight";
				IPHONEOS_DEPLOYMENT_TARGET = 15.0;
				LD_RUNPATH_SEARCH_PATHS = (
					"$(inherited)",
					"@executable_path/Frameworks",
				);
				MARKETING_VERSION = 1.0;
				PRODUCT_BUNDLE_IDENTIFIER = "UCLA.Calorie-Tracker";
				PRODUCT_NAME = "$(TARGET_NAME)";
				SWIFT_EMIT_LOC_STRINGS = YES;
				SWIFT_VERSION = 5.0;
				TARGETED_DEVICE_FAMILY = "1,2";
			};
			name = Debug;
		};
		1B8816122AE1E7C500654749 /* Release */ = {
			isa = XCBuildConfiguration;
			buildSettings = {
				ASSETCATALOG_COMPILER_APPICON_NAME = AppIcon;
				ASSETCATALOG_COMPILER_GLOBAL_ACCENT_COLOR_NAME = AccentColor;
				CODE_SIGN_STYLE = Automatic;
				CURRENT_PROJECT_VERSION = 1;
				DEVELOPMENT_ASSET_PATHS = "\"Calorie-Tracker/Preview Content\"";
				DEVELOPMENT_TEAM = 7ZLZHMAYKX;
				ENABLE_PREVIEWS = YES;
				GENERATE_INFOPLIST_FILE = YES;
				INFOPLIST_KEY_UIApplicationSceneManifest_Generation = YES;
				INFOPLIST_KEY_UIApplicationSupportsIndirectInputEvents = YES;
				INFOPLIST_KEY_UILaunchScreen_Generation = YES;
				INFOPLIST_KEY_UISupportedInterfaceOrientations_iPad = "UIInterfaceOrientationPortrait UIInterfaceOrientationPortraitUpsideDown UIInterfaceOrientationLandscapeLeft UIInterfaceOrientationLandscapeRight";
				INFOPLIST_KEY_UISupportedInterfaceOrientations_iPhone = "UIInterfaceOrientationPortrait UIInterfaceOrientationLandscapeLeft UIInterfaceOrientationLandscapeRight";
				IPHONEOS_DEPLOYMENT_TARGET = 15.0;
				LD_RUNPATH_SEARCH_PATHS = (
					"$(inherited)",
					"@executable_path/Frameworks",
				);
				MARKETING_VERSION = 1.0;
				PRODUCT_BUNDLE_IDENTIFIER = "UCLA.Calorie-Tracker";
				PRODUCT_NAME = "$(TARGET_NAME)";
				SWIFT_EMIT_LOC_STRINGS = YES;
				SWIFT_VERSION = 5.0;
				TARGETED_DEVICE_FAMILY = "1,2";
			};
			name = Release;
		};
/* End XCBuildConfiguration section */

/* Begin XCConfigurationList section */
		1B8815FD2AE1E7C300654749 /* Build configuration list for PBXProject "Calorie-Tracker" */ = {
			isa = XCConfigurationList;
			buildConfigurations = (
				1B88160E2AE1E7C500654749 /* Debug */,
				1B88160F2AE1E7C500654749 /* Release */,
			);
			defaultConfigurationIsVisible = 0;
			defaultConfigurationName = Release;
		};
		1B8816102AE1E7C500654749 /* Build configuration list for PBXNativeTarget "Calorie-Tracker" */ = {
			isa = XCConfigurationList;
			buildConfigurations = (
				1B8816112AE1E7C500654749 /* Debug */,
				1B8816122AE1E7C500654749 /* Release */,
			);
			defaultConfigurationIsVisible = 0;
			defaultConfigurationName = Release;
		};
/* End XCConfigurationList section */

/* Begin XCRemoteSwiftPackageReference section */
		1B88161E2AE507C400654749 /* XCRemoteSwiftPackageReference "firebase-ios-sdk" */ = {
			isa = XCRemoteSwiftPackageReference;
			repositoryURL = "https://github.com/firebase/firebase-ios-sdk";
			requirement = {
				kind = upToNextMajorVersion;
				minimumVersion = 8.0.0;
			};
		};
/* End XCRemoteSwiftPackageReference section */

/* Begin XCSwiftPackageProductDependency section */
		1B7F00F92AE663AE00616DCF /* FirebaseAnalytics */ = {
			isa = XCSwiftPackageProductDependency;
			package = 1B88161E2AE507C400654749 /* XCRemoteSwiftPackageReference "firebase-ios-sdk" */;
			productName = FirebaseAnalytics;
		};
		1B7F00FB2AE663AE00616DCF /* FirebaseAnalyticsSwift-Beta */ = {
			isa = XCSwiftPackageProductDependency;
			package = 1B88161E2AE507C400654749 /* XCRemoteSwiftPackageReference "firebase-ios-sdk" */;
			productName = "FirebaseAnalyticsSwift-Beta";
		};
		1B7F00FD2AE663B200616DCF /* FirebaseAuth */ = {
			isa = XCSwiftPackageProductDependency;
			package = 1B88161E2AE507C400654749 /* XCRemoteSwiftPackageReference "firebase-ios-sdk" */;
			productName = FirebaseAuth;
		};
		1B7F00FF2AE663B600616DCF /* FirebaseFirestore */ = {
			isa = XCSwiftPackageProductDependency;
			package = 1B88161E2AE507C400654749 /* XCRemoteSwiftPackageReference "firebase-ios-sdk" */;
			productName = FirebaseFirestore;
		};
/* End XCSwiftPackageProductDependency section */
	};
	rootObject = 1B8815FA2AE1E7C300654749 /* Project object */;
}
